
Microsoft Visual Studio Solution File, Format Version 12.00
# Visual Studio Version 16
VisualStudioVersion = 16.0.29613.14
MinimumVisualStudioVersion = 10.0.40219.1
Project("{9A19103F-16F7-4668-BE54-9A1E7A4F7556}") = "CosmosApiDemo", "CosmosApiDemo.csproj", "{AA26D67A-BD28-41DC-AD9E-9EEAAC413EFD}"
EndProject
Global
	GlobalSection(SolutionConfigurationPlatforms) = preSolution
		Debug|Any CPU = Debug|Any CPU
		Release|Any CPU = Release|Any CPU
	EndGlobalSection
	GlobalSection(ProjectConfigurationPlatforms) = postSolution
		{AA26D67A-BD28-41DC-AD9E-9EEAAC413EFD}.Debug|Any CPU.ActiveCfg = Debug|Any CPU
		{AA26D67A-BD28-41DC-AD9E-9EEAAC413EFD}.Debug|Any CPU.Build.0 = Debug|Any CPU
		{AA26D67A-BD28-41DC-AD9E-9EEAAC413EFD}.Release|Any CPU.ActiveCfg = Release|Any CPU
		{AA26D67A-BD28-41DC-AD9E-9EEAAC413EFD}.Release|Any CPU.Build.0 = Release|Any CPU
	EndGlobalSection
	GlobalSection(SolutionProperties) = preSolution
		HideSolutionNode = FALSE
	EndGlobalSection
	GlobalSection(ExtensibilityGlobals) = postSolution
		SolutionGuid = {75232BCA-2F42-4BA5-A48C-4713EFAF85A9}
	EndGlobalSection
EndGlobal
